<?xml version="1.0" encoding="utf-8"?>
<Project ToolsVersion="4.0" xmlns="http://schemas.microsoft.com/developer/msbuild/2003">
  <ItemGroup>
    <Filter Include="Core">
      <UniqueIdentifier>{8440a57f-92f8-4c27-9aa4-e34c736a28bc}</UniqueIdentifier>
    </Filter>
    <Filter Include="Test">
      <UniqueIdentifier>{8428fc64-54d5-451f-80d3-7b5c367664e3}</UniqueIdentifier>
    </Filter>
    <Filter Include="Includes">
      <UniqueIdentifier>{7737defd-5ddb-4fc2-964e-09fe3ec451c3}</UniqueIdentifier>
    </Filter>
    <Filter Include="Native">
      <UniqueIdentifier>{93995380-89BD-4b04-88EB-625FBE52EBFB}</UniqueIdentifier>
      <Extensions>h;hh;hpp;hxx;h++;hm;inl;inc;ipp;xsd</Extensions>
    </Filter>
  </ItemGroup>
  <ItemGroup>
    <ClInclude Include="..\..\..\Source\Core\_Math.h">
      <Filter>Core</Filter>
    </ClInclude>
    <ClInclude Include="..\..\..\Source\Core\Buffer.h">
      <Filter>Core</Filter>
    </ClInclude>
    <ClInclude Include="..\..\..\Source\Core\Common.h">
      <Filter>Core</Filter>
    </ClInclude>
    <ClInclude Include="..\..\..\Source\Core\Event.h">
      <Filter>Core</Filter>
    </ClInclude>
    <ClInclude Include="..\..\..\Source\Core\Renderer.h">
      <Filter>Core</Filter>
    </ClInclude>
    <ClInclude Include="..\..\..\Source\Core\RenderWindow.h">
      <Filter>Core</Filter>
    </ClInclude>
    <ClInclude Include="..\..\..\Source\Core\Resource.h">
      <Filter>Core</Filter>
    </ClInclude>
    <ClInclude Include="..\..\..\Source\Core\Scene.h">
      <Filter>Core</Filter>
    </ClInclude>
    <ClInclude Include="..\..\..\Source\Core\Unknown.h">
      <Filter>Core</Filter>
    </ClInclude>
    <ClInclude Include="..\..\..\Source\Core\VisualEffects.h">
      <Filter>Core</Filter>
    </ClInclude>
    <ClInclude Include="..\..\..\Source\Includes\RendererApi.h">
      <Filter>Includes</Filter>
    </ClInclude>
    <ClInclude Include="..\..\..\Source\Core\Native.h">
      <Filter>Native</Filter>
    </ClInclude>
    <ClInclude Include="..\..\..\Source\Test\TestCases.h">
      <Filter>Test</Filter>
    </ClInclude>
    <ClInclude Include="..\..\..\Source\Core\Graphics.h">
      <Filter>Core</Filter>
    </ClInclude>
  </ItemGroup>
  <ItemGroup>
    <ClCompile Include="..\..\..\Source\Core\Buffer.cpp">
      <Filter>Core</Filter>
    </ClCompile>
    <ClCompile Include="..\..\..\Source\Core\Renderer.cpp">
      <Filter>Core</Filter>
    </ClCompile>
    <ClCompile Include="..\..\..\Source\Core\RenderWindow.cpp">
      <Filter>Core</Filter>
    </ClCompile>
    <ClCompile Include="..\..\..\Source\Core\Resource.cpp">
      <Filter>Core</Filter>
    </ClCompile>
    <ClCompile Include="..\..\..\Source\Core\Scene.cpp">
      <Filter>Core</Filter>
    </ClCompile>
    <ClCompile Include="..\..\..\Source\Core\VisualEffects.cpp">
      <Filter>Core</Filter>
    </ClCompile>
    <ClCompile Include="..\..\..\Source\Main.cpp" />
    <ClCompile Include="..\..\..\Source\Native\Win32Native.cpp">
      <Filter>Native</Filter>
    </ClCompile>
    <ClCompile Include="..\..\..\Source\Test\TestCases_Native.cpp">
      <Filter>Test</Filter>
    </ClCompile>
    <ClCompile Include="..\..\..\Source\Test\TestCases.cpp">
      <Filter>Test</Filter>
    </ClCompile>
    <ClCompile Include="..\..\..\Source\Test\TestCases_Scene.cpp">
      <Filter>Test</Filter>
    </ClCompile>
    <ClCompile Include="..\..\..\Source\Test\TestScene_Effects.cpp">
      <Filter>Test</Filter>
    </ClCompile>
    <ClCompile Include="..\..\..\Source\Test\TestScene_Minecraft.cpp">
      <Filter>Test</Filter>
    </ClCompile>
    <ClCompile Include="..\..\..\Source\Test\TestScene_Mirror.cpp">
      <Filter>Test</Filter>
    </ClCompile>
    <ClCompile Include="..\..\..\Source\Test\TestScene_Water.cpp">
      <Filter>Test</Filter>
    </ClCompile>
    <ClCompile Include="..\..\..\Source\Core\Graphics.cpp">
      <Filter>Core</Filter>
    </ClCompile>
    <ClCompile Include="..\..\..\Source\Test\TestCases_Graphics.cpp">
      <Filter>Test</Filter>
    </ClCompile>
  </ItemGroup>
</Project>