<?xml version="1.0" encoding="utf-8"?>
<Project ToolsVersion="4.0" xmlns="http://schemas.microsoft.com/developer/msbuild/2003">
  <ItemGroup>
    <Filter Include="Common">
      <UniqueIdentifier>{89ab8fc8-b744-4570-843a-fcb01d31da85}</UniqueIdentifier>
    </Filter>
    <Filter Include="Event">
      <UniqueIdentifier>{7f757fac-f4ff-42c5-9079-5a9354459fb6}</UniqueIdentifier>
    </Filter>
    <Filter Include="Win32">
      <UniqueIdentifier>{93995380-89BD-4b04-88EB-625FBE52EBFB}</UniqueIdentifier>
      <Extensions>h;hh;hpp;hxx;h++;hm;inl;inc;ipp;xsd</Extensions>
    </Filter>
    <Filter Include="Win32\Misc">
      <UniqueIdentifier>{57ce3b92-2b27-4ceb-bd20-48bfbb79d7e2}</UniqueIdentifier>
    </Filter>
    <Filter Include="Win32\Misc\Resource Files">
      <UniqueIdentifier>{67DA6AB6-F800-4c08-8B7A-83BB121AAD01}</UniqueIdentifier>
      <Extensions>rc;ico;cur;bmp;dlg;rc2;rct;bin;rgs;gif;jpg;jpeg;jpe;resx;tiff;tif;png;wav;mfcribbon-ms</Extensions>
    </Filter>
    <Filter Include="Graphics">
      <UniqueIdentifier>{8440a57f-92f8-4c27-9aa4-e34c736a28bc}</UniqueIdentifier>
    </Filter>
  </ItemGroup>
  <ItemGroup>
    <ClInclude Include="..\..\..\Source\Renderer.h">
      <Filter>Graphics</Filter>
    </ClInclude>
    <ClInclude Include="Resource.h">
      <Filter>Win32\Misc</Filter>
    </ClInclude>
    <ClInclude Include="targetver.h">
      <Filter>Win32\Misc</Filter>
    </ClInclude>
    <ClInclude Include="..\..\..\Source\win32\Win32App.h">
      <Filter>Win32</Filter>
    </ClInclude>
    <ClInclude Include="..\..\..\Source\Common.h">
      <Filter>Common</Filter>
    </ClInclude>
    <ClInclude Include="..\..\..\Source\Event.h">
      <Filter>Event</Filter>
    </ClInclude>
    <ClInclude Include="..\..\..\Source\Scene.h">
      <Filter>Graphics</Filter>
    </ClInclude>
    <ClInclude Include="..\..\..\Source\RenderWindow.h">
      <Filter>Graphics</Filter>
    </ClInclude>
    <ClInclude Include="..\..\..\Source\Resource.h">
      <Filter>Graphics</Filter>
    </ClInclude>
    <ClInclude Include="..\..\..\Source\Buffer.h">
      <Filter>Graphics</Filter>
    </ClInclude>
  </ItemGroup>
  <ItemGroup>
    <ClCompile Include="..\..\..\Source\Renderer.cpp">
      <Filter>Graphics</Filter>
    </ClCompile>
    <ClCompile Include="..\..\..\Source\win32\Win32App.cpp">
      <Filter>Win32</Filter>
    </ClCompile>
    <ClCompile Include="..\..\..\Source\Main.cpp" />
    <ClCompile Include="..\..\..\Source\RenderWindow.cpp">
      <Filter>Graphics</Filter>
    </ClCompile>
    <ClCompile Include="..\..\..\Source\Scene.cpp">
      <Filter>Graphics</Filter>
    </ClCompile>
    <ClCompile Include="..\..\..\Source\Resource.cpp">
      <Filter>Graphics</Filter>
    </ClCompile>
    <ClCompile Include="..\..\..\Source\Buffer.cpp">
      <Filter>Graphics</Filter>
    </ClCompile>
  </ItemGroup>
  <ItemGroup>
    <ResourceCompile Include="Window.rc">
      <Filter>Win32\Misc\Resource Files</Filter>
    </ResourceCompile>
  </ItemGroup>
  <ItemGroup>
    <Image Include="small.ico">
      <Filter>Win32\Misc\Resource Files</Filter>
    </Image>
    <Image Include="Window.ico">
      <Filter>Win32\Misc\Resource Files</Filter>
    </Image>
  </ItemGroup>
</Project>